
Microsoft Visual Studio Solution File, Format Version 12.00
# Visual Studio Version 16
VisualStudioVersion = 16.0.29806.167
MinimumVisualStudioVersion = 10.0.40219.1
Project("{9A19103F-16F7-4668-BE54-9A1E7A4F7556}") = "Auth.API", "Auth.API\Auth.API.csproj", "{E6B0EDB6-D22A-43A7-9571-C58B2273363A}"
EndProject
Project("{2150E333-8FDC-42A3-9474-1A3956D46DE8}") = "Auth", "Auth", "{D53995D0-38DD-41AE-8374-08FA763D3B2D}"
EndProject
Project("{9A19103F-16F7-4668-BE54-9A1E7A4F7556}") = "Auth.Core", "Auth.Core\Auth.Core.csproj", "{8D88B009-045F-4FC3-8F2A-BF0EA8ABC9C8}"
EndProject
Project("{2150E333-8FDC-42A3-9474-1A3956D46DE8}") = "NotificationSvc", "NotificationSvc", "{62FE123B-A375-4B0C-9AA4-2E914C6A14C6}"
EndProject
Project("{2150E333-8FDC-42A3-9474-1A3956D46DE8}") = "Shared", "Shared", "{09056518-6438-4E1C-9CBC-8F8D7227FEFA}"
EndProject
Project("{9A19103F-16F7-4668-BE54-9A1E7A4F7556}") = "Shared", "Shared\Shared.csproj", "{9F442AA0-A44F-421E-9693-3D74E2878072}"
EndProject
Project("{2150E333-8FDC-42A3-9474-1A3956D46DE8}") = "FacilitySvc", "FacilitySvc", "{5CC1C4BC-EC30-47AF-8ADE-A5796311739E}"
EndProject
Project("{9A19103F-16F7-4668-BE54-9A1E7A4F7556}") = "NotificationSvc.API", "NotificationSvc.API\NotificationSvc.API.csproj", "{09730609-0225-45B1-A146-70B2F5C15D9E}"
EndProject
Project("{9A19103F-16F7-4668-BE54-9A1E7A4F7556}") = "NotificationSvc.Core", "NotificationSvc.Core\NotificationSvc.Core.csproj", "{4490BBE8-BF3D-4424-BE2A-1C1C844B876D}"
EndProject
Project("{9A19103F-16F7-4668-BE54-9A1E7A4F7556}") = "FacilitySvc.API", "FacilitySvc.API\FacilitySvc.API.csproj", "{93CD9A19-6481-4A86-9F85-7400B232C3DD}"
EndProject
Project("{9A19103F-16F7-4668-BE54-9A1E7A4F7556}") = "FacilitySvc.Core", "FacilitySvc.Core\FacilitySvc.Core.csproj", "{1EBD5DD7-7278-4F78-A0EB-C55B17C168B0}"
EndProject
Project("{9A19103F-16F7-4668-BE54-9A1E7A4F7556}") = "LearningSvc.API", "LearningSvc.API\LearningSvc.API.csproj", "{470D8843-8141-4D50-A2DE-4AD433ECE2BA}"
EndProject
Project("{2150E333-8FDC-42A3-9474-1A3956D46DE8}") = "LearningSvc", "LearningSvc", "{CFB83D77-6773-4EC9-BB39-AD9E73C4D686}"
EndProject
Project("{9A19103F-16F7-4668-BE54-9A1E7A4F7556}") = "LearningSvc.Core", "LearningSvc.Core\LearningSvc.Core.csproj", "{957B3A69-82A5-4942-8EE5-E9F15B5CFE94}"
EndProject
Project("{2150E333-8FDC-42A3-9474-1A3956D46DE8}") = "GatewayApi", "GatewayApi", "{E55ED475-D0F8-4A4B-BF30-A69CC99DE99B}"
EndProject
Project("{9A19103F-16F7-4668-BE54-9A1E7A4F7556}") = "Gateway", "Gateway\Gateway.csproj", "{E356A740-0537-482C-A68A-9CEFC4A92D7E}"
EndProject
Project("{2150E333-8FDC-42A3-9474-1A3956D46DE8}") = "AssesmentSvc", "AssesmentSvc", "{0A0C5848-BAE0-42B1-AD72-E26A446F23B3}"
EndProject
Project("{9A19103F-16F7-4668-BE54-9A1E7A4F7556}") = "AssessmentSvc.API", "AssessmentSvc.API\AssessmentSvc.API.csproj", "{BD17CFA4-60E4-4F38-94D2-F1EFC4608B57}"
EndProject
Project("{9A19103F-16F7-4668-BE54-9A1E7A4F7556}") = "AssessmentSvc.Core", "AssessmentSvc.Core\AssessmentSvc.Core.csproj", "{A9AF562B-F7C5-43AC-91F0-81AB0426EDC9}"
EndProject
Project("{2150E333-8FDC-42A3-9474-1A3956D46DE8}") = "FinanceSvc", "FinanceSvc", "{A836A5E6-2B1B-4EE0-B33F-B953530B19E7}"
EndProject
Project("{9A19103F-16F7-4668-BE54-9A1E7A4F7556}") = "FinanceSvc.Core", "FinanceSvc.Core\FinanceSvc.Core.csproj", "{E26486CA-90E7-4CFC-870C-4E7E7EB70CAB}"
EndProject
Project("{9A19103F-16F7-4668-BE54-9A1E7A4F7556}") = "FinanceSvc.API", "FinanceSvc.API\FinanceSvc.API.csproj", "{5F974056-1315-4CBF-9C7C-EBB033DAE3EE}"
EndProject
Project("{2150E333-8FDC-42A3-9474-1A3956D46DE8}") = "HealthCheckUISvc", "HealthCheckUISvc", "{86C18452-1067-4579-BC47-E43E67BD0D24}"
EndProject
Project("{9A19103F-16F7-4668-BE54-9A1E7A4F7556}") = "HealthChecksUISvc", "HealthChecksUISvc\HealthChecksUISvc.csproj", "{9746D3BF-0B3A-4C09-9DDF-1FBEC097B5F5}"
EndProject
Project("{9A19103F-16F7-4668-BE54-9A1E7A4F7556}") = "Auth.Core.Test", "Auth.Core.Test\Auth.Core.Test.csproj", "{5B956E1D-9E83-49BF-8948-915F7F478C97}"
EndProject
Project("{9A19103F-16F7-4668-BE54-9A1E7A4F7556}") = "AssessmentSvc.Core.Test", "AssessmentSvc.Core.Test\AssessmentSvc.Core.Test.csproj", "{15735EB0-3396-4E97-BDB0-0990D9043E23}"
EndProject
Project("{9A19103F-16F7-4668-BE54-9A1E7A4F7556}") = "FinanceSvc.Core.Test", "FinanceSvc.Core.Test\FinanceSvc.Core.Test.csproj", "{13C6B627-0FFC-420B-B2ED-CD7E9780A95F}"
EndProject
Project("{9A19103F-16F7-4668-BE54-9A1E7A4F7556}") = "LearningSvc.Core.Test", "LearningSvc.Core.Test\LearningSvc.Core.Test.csproj", "{BD6B689B-FB6D-4BDD-A568-ECFDE5F6C874}"
EndProject
Project("{FAE04EC0-301F-11D3-BF4B-00C04F79EFBC}") = "NotificationSvc.Core.Test", "NotificationSvc.Core.Test\NotificationSvc.Core.Test.csproj", "{F77291E5-77FE-47BB-AC91-65512FB1CC6F}"
EndProject
Global
	GlobalSection(SolutionConfigurationPlatforms) = preSolution
		Debug|Any CPU = Debug|Any CPU
		Release|Any CPU = Release|Any CPU
	EndGlobalSection
	GlobalSection(ProjectConfigurationPlatforms) = postSolution
		{E6B0EDB6-D22A-43A7-9571-C58B2273363A}.Debug|Any CPU.ActiveCfg = Debug|Any CPU
		{E6B0EDB6-D22A-43A7-9571-C58B2273363A}.Debug|Any CPU.Build.0 = Debug|Any CPU
		{E6B0EDB6-D22A-43A7-9571-C58B2273363A}.Release|Any CPU.ActiveCfg = Release|Any CPU
		{E6B0EDB6-D22A-43A7-9571-C58B2273363A}.Release|Any CPU.Build.0 = Release|Any CPU
		{8D88B009-045F-4FC3-8F2A-BF0EA8ABC9C8}.Debug|Any CPU.ActiveCfg = Debug|Any CPU
		{8D88B009-045F-4FC3-8F2A-BF0EA8ABC9C8}.Debug|Any CPU.Build.0 = Debug|Any CPU
		{8D88B009-045F-4FC3-8F2A-BF0EA8ABC9C8}.Release|Any CPU.ActiveCfg = Release|Any CPU
		{8D88B009-045F-4FC3-8F2A-BF0EA8ABC9C8}.Release|Any CPU.Build.0 = Release|Any CPU
		{9F442AA0-A44F-421E-9693-3D74E2878072}.Debug|Any CPU.ActiveCfg = Debug|Any CPU
		{9F442AA0-A44F-421E-9693-3D74E2878072}.Debug|Any CPU.Build.0 = Debug|Any CPU
		{9F442AA0-A44F-421E-9693-3D74E2878072}.Release|Any CPU.ActiveCfg = Release|Any CPU
		{9F442AA0-A44F-421E-9693-3D74E2878072}.Release|Any CPU.Build.0 = Release|Any CPU
		{09730609-0225-45B1-A146-70B2F5C15D9E}.Debug|Any CPU.ActiveCfg = Debug|Any CPU
		{09730609-0225-45B1-A146-70B2F5C15D9E}.Debug|Any CPU.Build.0 = Debug|Any CPU
		{09730609-0225-45B1-A146-70B2F5C15D9E}.Release|Any CPU.ActiveCfg = Release|Any CPU
		{09730609-0225-45B1-A146-70B2F5C15D9E}.Release|Any CPU.Build.0 = Release|Any CPU
		{4490BBE8-BF3D-4424-BE2A-1C1C844B876D}.Debug|Any CPU.ActiveCfg = Debug|Any CPU
		{4490BBE8-BF3D-4424-BE2A-1C1C844B876D}.Debug|Any CPU.Build.0 = Debug|Any CPU
		{4490BBE8-BF3D-4424-BE2A-1C1C844B876D}.Release|Any CPU.ActiveCfg = Release|Any CPU
		{4490BBE8-BF3D-4424-BE2A-1C1C844B876D}.Release|Any CPU.Build.0 = Release|Any CPU
		{93CD9A19-6481-4A86-9F85-7400B232C3DD}.Debug|Any CPU.ActiveCfg = Debug|Any CPU
		{93CD9A19-6481-4A86-9F85-7400B232C3DD}.Debug|Any CPU.Build.0 = Debug|Any CPU
		{93CD9A19-6481-4A86-9F85-7400B232C3DD}.Release|Any CPU.ActiveCfg = Release|Any CPU
		{93CD9A19-6481-4A86-9F85-7400B232C3DD}.Release|Any CPU.Build.0 = Release|Any CPU
		{1EBD5DD7-7278-4F78-A0EB-C55B17C168B0}.Debug|Any CPU.ActiveCfg = Debug|Any CPU
		{1EBD5DD7-7278-4F78-A0EB-C55B17C168B0}.Debug|Any CPU.Build.0 = Debug|Any CPU
		{1EBD5DD7-7278-4F78-A0EB-C55B17C168B0}.Release|Any CPU.ActiveCfg = Release|Any CPU
		{1EBD5DD7-7278-4F78-A0EB-C55B17C168B0}.Release|Any CPU.Build.0 = Release|Any CPU
		{470D8843-8141-4D50-A2DE-4AD433ECE2BA}.Debug|Any CPU.ActiveCfg = Debug|Any CPU
		{470D8843-8141-4D50-A2DE-4AD433ECE2BA}.Debug|Any CPU.Build.0 = Debug|Any CPU
		{470D8843-8141-4D50-A2DE-4AD433ECE2BA}.Release|Any CPU.ActiveCfg = Release|Any CPU
		{470D8843-8141-4D50-A2DE-4AD433ECE2BA}.Release|Any CPU.Build.0 = Release|Any CPU
		{957B3A69-82A5-4942-8EE5-E9F15B5CFE94}.Debug|Any CPU.ActiveCfg = Debug|Any CPU
		{957B3A69-82A5-4942-8EE5-E9F15B5CFE94}.Debug|Any CPU.Build.0 = Debug|Any CPU
		{957B3A69-82A5-4942-8EE5-E9F15B5CFE94}.Release|Any CPU.ActiveCfg = Release|Any CPU
		{957B3A69-82A5-4942-8EE5-E9F15B5CFE94}.Release|Any CPU.Build.0 = Release|Any CPU
		{E356A740-0537-482C-A68A-9CEFC4A92D7E}.Debug|Any CPU.ActiveCfg = Debug|Any CPU
		{E356A740-0537-482C-A68A-9CEFC4A92D7E}.Debug|Any CPU.Build.0 = Debug|Any CPU
		{E356A740-0537-482C-A68A-9CEFC4A92D7E}.Release|Any CPU.ActiveCfg = Release|Any CPU
		{E356A740-0537-482C-A68A-9CEFC4A92D7E}.Release|Any CPU.Build.0 = Release|Any CPU
		{BD17CFA4-60E4-4F38-94D2-F1EFC4608B57}.Debug|Any CPU.ActiveCfg = Debug|Any CPU
		{BD17CFA4-60E4-4F38-94D2-F1EFC4608B57}.Debug|Any CPU.Build.0 = Debug|Any CPU
		{BD17CFA4-60E4-4F38-94D2-F1EFC4608B57}.Release|Any CPU.ActiveCfg = Release|Any CPU
		{BD17CFA4-60E4-4F38-94D2-F1EFC4608B57}.Release|Any CPU.Build.0 = Release|Any CPU
		{A9AF562B-F7C5-43AC-91F0-81AB0426EDC9}.Debug|Any CPU.ActiveCfg = Debug|Any CPU
		{A9AF562B-F7C5-43AC-91F0-81AB0426EDC9}.Debug|Any CPU.Build.0 = Debug|Any CPU
		{A9AF562B-F7C5-43AC-91F0-81AB0426EDC9}.Release|Any CPU.ActiveCfg = Release|Any CPU
		{A9AF562B-F7C5-43AC-91F0-81AB0426EDC9}.Release|Any CPU.Build.0 = Release|Any CPU
		{E26486CA-90E7-4CFC-870C-4E7E7EB70CAB}.Debug|Any CPU.ActiveCfg = Debug|Any CPU
		{E26486CA-90E7-4CFC-870C-4E7E7EB70CAB}.Debug|Any CPU.Build.0 = Debug|Any CPU
		{E26486CA-90E7-4CFC-870C-4E7E7EB70CAB}.Release|Any CPU.ActiveCfg = Release|Any CPU
		{E26486CA-90E7-4CFC-870C-4E7E7EB70CAB}.Release|Any CPU.Build.0 = Release|Any CPU
		{5F974056-1315-4CBF-9C7C-EBB033DAE3EE}.Debug|Any CPU.ActiveCfg = Debug|Any CPU
		{5F974056-1315-4CBF-9C7C-EBB033DAE3EE}.Debug|Any CPU.Build.0 = Debug|Any CPU
		{5F974056-1315-4CBF-9C7C-EBB033DAE3EE}.Release|Any CPU.ActiveCfg = Release|Any CPU
		{5F974056-1315-4CBF-9C7C-EBB033DAE3EE}.Release|Any CPU.Build.0 = Release|Any CPU
		{9746D3BF-0B3A-4C09-9DDF-1FBEC097B5F5}.Debug|Any CPU.ActiveCfg = Debug|Any CPU
		{9746D3BF-0B3A-4C09-9DDF-1FBEC097B5F5}.Debug|Any CPU.Build.0 = Debug|Any CPU
		{9746D3BF-0B3A-4C09-9DDF-1FBEC097B5F5}.Release|Any CPU.ActiveCfg = Release|Any CPU
		{9746D3BF-0B3A-4C09-9DDF-1FBEC097B5F5}.Release|Any CPU.Build.0 = Release|Any CPU
		{5B956E1D-9E83-49BF-8948-915F7F478C97}.Debug|Any CPU.ActiveCfg = Debug|Any CPU
		{5B956E1D-9E83-49BF-8948-915F7F478C97}.Debug|Any CPU.Build.0 = Debug|Any CPU
		{5B956E1D-9E83-49BF-8948-915F7F478C97}.Release|Any CPU.ActiveCfg = Release|Any CPU
		{5B956E1D-9E83-49BF-8948-915F7F478C97}.Release|Any CPU.Build.0 = Release|Any CPU
		{15735EB0-3396-4E97-BDB0-0990D9043E23}.Debug|Any CPU.ActiveCfg = Debug|Any CPU
		{15735EB0-3396-4E97-BDB0-0990D9043E23}.Debug|Any CPU.Build.0 = Debug|Any CPU
		{15735EB0-3396-4E97-BDB0-0990D9043E23}.Release|Any CPU.ActiveCfg = Release|Any CPU
		{15735EB0-3396-4E97-BDB0-0990D9043E23}.Release|Any CPU.Build.0 = Release|Any CPU
		{13C6B627-0FFC-420B-B2ED-CD7E9780A95F}.Debug|Any CPU.ActiveCfg = Debug|Any CPU
		{13C6B627-0FFC-420B-B2ED-CD7E9780A95F}.Debug|Any CPU.Build.0 = Debug|Any CPU
		{13C6B627-0FFC-420B-B2ED-CD7E9780A95F}.Release|Any CPU.ActiveCfg = Release|Any CPU
		{13C6B627-0FFC-420B-B2ED-CD7E9780A95F}.Release|Any CPU.Build.0 = Release|Any CPU
		{BD6B689B-FB6D-4BDD-A568-ECFDE5F6C874}.Debug|Any CPU.ActiveCfg = Debug|Any CPU
		{BD6B689B-FB6D-4BDD-A568-ECFDE5F6C874}.Debug|Any CPU.Build.0 = Debug|Any CPU
		{BD6B689B-FB6D-4BDD-A568-ECFDE5F6C874}.Release|Any CPU.ActiveCfg = Release|Any CPU
		{BD6B689B-FB6D-4BDD-A568-ECFDE5F6C874}.Release|Any CPU.Build.0 = Release|Any CPU
		{F77291E5-77FE-47BB-AC91-65512FB1CC6F}.Debug|Any CPU.ActiveCfg = Debug|Any CPU
		{F77291E5-77FE-47BB-AC91-65512FB1CC6F}.Debug|Any CPU.Build.0 = Debug|Any CPU
		{F77291E5-77FE-47BB-AC91-65512FB1CC6F}.Release|Any CPU.ActiveCfg = Release|Any CPU
		{F77291E5-77FE-47BB-AC91-65512FB1CC6F}.Release|Any CPU.Build.0 = Release|Any CPU
	EndGlobalSection
	GlobalSection(SolutionProperties) = preSolution
		HideSolutionNode = FALSE
	EndGlobalSection
	GlobalSection(NestedProjects) = preSolution
		{E6B0EDB6-D22A-43A7-9571-C58B2273363A} = {D53995D0-38DD-41AE-8374-08FA763D3B2D}
		{8D88B009-045F-4FC3-8F2A-BF0EA8ABC9C8} = {D53995D0-38DD-41AE-8374-08FA763D3B2D}
		{9F442AA0-A44F-421E-9693-3D74E2878072} = {09056518-6438-4E1C-9CBC-8F8D7227FEFA}
		{09730609-0225-45B1-A146-70B2F5C15D9E} = {62FE123B-A375-4B0C-9AA4-2E914C6A14C6}
		{4490BBE8-BF3D-4424-BE2A-1C1C844B876D} = {62FE123B-A375-4B0C-9AA4-2E914C6A14C6}
		{93CD9A19-6481-4A86-9F85-7400B232C3DD} = {5CC1C4BC-EC30-47AF-8ADE-A5796311739E}
		{1EBD5DD7-7278-4F78-A0EB-C55B17C168B0} = {5CC1C4BC-EC30-47AF-8ADE-A5796311739E}
		{470D8843-8141-4D50-A2DE-4AD433ECE2BA} = {CFB83D77-6773-4EC9-BB39-AD9E73C4D686}
		{957B3A69-82A5-4942-8EE5-E9F15B5CFE94} = {CFB83D77-6773-4EC9-BB39-AD9E73C4D686}
		{E356A740-0537-482C-A68A-9CEFC4A92D7E} = {E55ED475-D0F8-4A4B-BF30-A69CC99DE99B}
		{BD17CFA4-60E4-4F38-94D2-F1EFC4608B57} = {0A0C5848-BAE0-42B1-AD72-E26A446F23B3}
		{A9AF562B-F7C5-43AC-91F0-81AB0426EDC9} = {0A0C5848-BAE0-42B1-AD72-E26A446F23B3}
		{E26486CA-90E7-4CFC-870C-4E7E7EB70CAB} = {A836A5E6-2B1B-4EE0-B33F-B953530B19E7}
		{5F974056-1315-4CBF-9C7C-EBB033DAE3EE} = {A836A5E6-2B1B-4EE0-B33F-B953530B19E7}
		{9746D3BF-0B3A-4C09-9DDF-1FBEC097B5F5} = {86C18452-1067-4579-BC47-E43E67BD0D24}
		{5B956E1D-9E83-49BF-8948-915F7F478C97} = {D53995D0-38DD-41AE-8374-08FA763D3B2D}
		{15735EB0-3396-4E97-BDB0-0990D9043E23} = {0A0C5848-BAE0-42B1-AD72-E26A446F23B3}
		{13C6B627-0FFC-420B-B2ED-CD7E9780A95F} = {A836A5E6-2B1B-4EE0-B33F-B953530B19E7}
		{BD6B689B-FB6D-4BDD-A568-ECFDE5F6C874} = {CFB83D77-6773-4EC9-BB39-AD9E73C4D686}
		{F77291E5-77FE-47BB-AC91-65512FB1CC6F} = {62FE123B-A375-4B0C-9AA4-2E914C6A14C6}
	EndGlobalSection
	GlobalSection(ExtensibilityGlobals) = postSolution
		SolutionGuid = {89CAD77C-CB2E-40C2-8FFC-84A8FBEEB4B2}
	EndGlobalSection
EndGlobal
